
Microsoft Visual Studio Solution File, Format Version 12.00
# Visual Studio Version 16
VisualStudioVersion = 16.0.33927.289
MinimumVisualStudioVersion = 10.0.40219.1
Project("{F184B08F-C81C-45F6-A57F-5ABD9991F28F}") = "Fijalka_CashRegister", "Fijalka_CashRegister.vbproj", "{54CB06D6-A7C6-4317-9DA0-78014A59771C}"
EndProject
Global
	GlobalSection(SolutionConfigurationPlatforms) = preSolution
		Debug|Any CPU = Debug|Any CPU
		Release|Any CPU = Release|Any CPU
	EndGlobalSection
	GlobalSection(ProjectConfigurationPlatforms) = postSolution
		{54CB06D6-A7C6-4317-9DA0-78014A59771C}.Debug|Any CPU.ActiveCfg = Debug|Any CPU
		{54CB06D6-A7C6-4317-9DA0-78014A59771C}.Debug|Any CPU.Build.0 = Debug|Any CPU
		{54CB06D6-A7C6-4317-9DA0-78014A59771C}.Release|Any CPU.ActiveCfg = Release|Any CPU
		{54CB06D6-A7C6-4317-9DA0-78014A59771C}.Release|Any CPU.Build.0 = Release|Any CPU
	EndGlobalSection
	GlobalSection(SolutionProperties) = preSolution
		HideSolutionNode = FALSE
	EndGlobalSection
	GlobalSection(ExtensibilityGlobals) = postSolution
		SolutionGuid = {81CC1400-64CB-438D-A862-317DDBEEF553}
	EndGlobalSection
EndGlobal
